// !$*UTF8*$!
{
	archiveVersion = 1;
	classes = {
	};
	objectVersion = 77;
	objects = {

/* Begin PBXBuildFile section */
		2C155E962D70762200735195 /* DIConfigurator.swift in Sources */ = {isa = PBXBuildFile; fileRef = 2C155E952D70762200735195 /* DIConfigurator.swift */; };
		2C2DBA9A2D76F41E005D1DAC /* UseCasesAssemble.swift in Sources */ = {isa = PBXBuildFile; fileRef = 2C2DBA992D76F41E005D1DAC /* UseCasesAssemble.swift */; };
		2C3DFF452D8EC74B004C4411 /* Common.framework in Frameworks */ = {isa = PBXBuildFile; fileRef = 2C3DFF3E2D8EC73F004C4411 /* Common.framework */; };
		2C3DFF462D8EC74B004C4411 /* Common.framework in Embed Frameworks */ = {isa = PBXBuildFile; fileRef = 2C3DFF3E2D8EC73F004C4411 /* Common.framework */; settings = {ATTRIBUTES = (RemoveHeadersOnCopy, ); }; };
		2C3DFF482D8EC74D004C4411 /* Domain.framework in Frameworks */ = {isa = PBXBuildFile; fileRef = 2C3DFF3F2D8EC73F004C4411 /* Domain.framework */; };
		2C3DFF492D8EC74D004C4411 /* Domain.framework in Embed Frameworks */ = {isa = PBXBuildFile; fileRef = 2C3DFF3F2D8EC73F004C4411 /* Domain.framework */; settings = {ATTRIBUTES = (RemoveHeadersOnCopy, ); }; };
		2C3DFF4E2D8EC794004C4411 /* Common.framework in Frameworks */ = {isa = PBXBuildFile; fileRef = 2C3DFF4A2D8EC794004C4411 /* Common.framework */; };
		2C3DFF4F2D8EC794004C4411 /* Common.framework in Embed Frameworks */ = {isa = PBXBuildFile; fileRef = 2C3DFF4A2D8EC794004C4411 /* Common.framework */; settings = {ATTRIBUTES = (CodeSignOnCopy, RemoveHeadersOnCopy, ); }; };
		2C3DFF502D8EC794004C4411 /* Data.framework in Frameworks */ = {isa = PBXBuildFile; fileRef = 2C3DFF4B2D8EC794004C4411 /* Data.framework */; };
		2C3DFF512D8EC794004C4411 /* Data.framework in Embed Frameworks */ = {isa = PBXBuildFile; fileRef = 2C3DFF4B2D8EC794004C4411 /* Data.framework */; settings = {ATTRIBUTES = (CodeSignOnCopy, RemoveHeadersOnCopy, ); }; };
		2C3DFF522D8EC794004C4411 /* Domain.framework in Frameworks */ = {isa = PBXBuildFile; fileRef = 2C3DFF4C2D8EC794004C4411 /* Domain.framework */; };
		2C3DFF532D8EC794004C4411 /* Domain.framework in Embed Frameworks */ = {isa = PBXBuildFile; fileRef = 2C3DFF4C2D8EC794004C4411 /* Domain.framework */; settings = {ATTRIBUTES = (CodeSignOnCopy, RemoveHeadersOnCopy, ); }; };
		2C3DFF542D8EC794004C4411 /* Presentation.framework in Frameworks */ = {isa = PBXBuildFile; fileRef = 2C3DFF4D2D8EC794004C4411 /* Presentation.framework */; };
		2C3DFF552D8EC794004C4411 /* Presentation.framework in Embed Frameworks */ = {isa = PBXBuildFile; fileRef = 2C3DFF4D2D8EC794004C4411 /* Presentation.framework */; settings = {ATTRIBUTES = (CodeSignOnCopy, RemoveHeadersOnCopy, ); }; };
		2C3DFFBE2D8ED427004C4411 /* Container.swift in Sources */ = {isa = PBXBuildFile; fileRef = 2C3DFFBD2D8ED427004C4411 /* Container.swift */; };
		2C3DFFC22D8ED44C004C4411 /* Swinject in Frameworks */ = {isa = PBXBuildFile; productRef = 2C3DFFC12D8ED44C004C4411 /* Swinject */; };
		2C88FF3B2D522008007D3F6E /* AppDelegate.swift in Sources */ = {isa = PBXBuildFile; fileRef = 2C88FF312D522008007D3F6E /* AppDelegate.swift */; };
		2C88FF402D522008007D3F6E /* LaunchScreen.storyboard in Resources */ = {isa = PBXBuildFile; fileRef = 2C88FF352D522008007D3F6E /* LaunchScreen.storyboard */; };
		2CB66D5A2D73107000C5D0D9 /* App.xcassets in Resources */ = {isa = PBXBuildFile; fileRef = 2CB66D592D73107000C5D0D9 /* App.xcassets */; };
		2CD37D402D5361D3007C496B /* Localizable.strings in Resources */ = {isa = PBXBuildFile; fileRef = 2CD37D3F2D5361D3007C496B /* Localizable.strings */; };
		2CE888072D72088B0068769F /* RepositoriesAssemble.swift in Sources */ = {isa = PBXBuildFile; fileRef = 2CE888062D72088B0068769F /* RepositoriesAssemble.swift */; };
/* End PBXBuildFile section */

/* Begin PBXCopyFilesBuildPhase section */
		2C3DFF472D8EC74B004C4411 /* Embed Frameworks */ = {
			isa = PBXCopyFilesBuildPhase;
			buildActionMask = 2147483647;
			dstPath = "";
			dstSubfolderSpec = 10;
			files = (
				2C3DFF532D8EC794004C4411 /* Domain.framework in Embed Frameworks */,
				2C3DFF512D8EC794004C4411 /* Data.framework in Embed Frameworks */,
				2C3DFF552D8EC794004C4411 /* Presentation.framework in Embed Frameworks */,
				2C3DFF4F2D8EC794004C4411 /* Common.framework in Embed Frameworks */,
				2C3DFF492D8EC74D004C4411 /* Domain.framework in Embed Frameworks */,
				2C3DFF462D8EC74B004C4411 /* Common.framework in Embed Frameworks */,
			);
			name = "Embed Frameworks";
			runOnlyForDeploymentPostprocessing = 0;
		};
/* End PBXCopyFilesBuildPhase section */

/* Begin PBXFileReference section */
		2C155E952D70762200735195 /* DIConfigurator.swift */ = {isa = PBXFileReference; lastKnownFileType = sourcecode.swift; path = DIConfigurator.swift; sourceTree = "<group>"; };
		2C2DBA992D76F41E005D1DAC /* UseCasesAssemble.swift */ = {isa = PBXFileReference; lastKnownFileType = sourcecode.swift; path = UseCasesAssemble.swift; sourceTree = "<group>"; };
		2C3DFF3E2D8EC73F004C4411 /* Common.framework */ = {isa = PBXFileReference; explicitFileType = wrapper.framework; path = Common.framework; sourceTree = BUILT_PRODUCTS_DIR; };
		2C3DFF3F2D8EC73F004C4411 /* Domain.framework */ = {isa = PBXFileReference; explicitFileType = wrapper.framework; path = Domain.framework; sourceTree = BUILT_PRODUCTS_DIR; };
		2C3DFF4A2D8EC794004C4411 /* Common.framework */ = {isa = PBXFileReference; explicitFileType = wrapper.framework; path = Common.framework; sourceTree = BUILT_PRODUCTS_DIR; };
		2C3DFF4B2D8EC794004C4411 /* Data.framework */ = {isa = PBXFileReference; explicitFileType = wrapper.framework; path = Data.framework; sourceTree = BUILT_PRODUCTS_DIR; };
		2C3DFF4C2D8EC794004C4411 /* Domain.framework */ = {isa = PBXFileReference; explicitFileType = wrapper.framework; path = Domain.framework; sourceTree = BUILT_PRODUCTS_DIR; };
		2C3DFF4D2D8EC794004C4411 /* Presentation.framework */ = {isa = PBXFileReference; explicitFileType = wrapper.framework; path = Presentation.framework; sourceTree = BUILT_PRODUCTS_DIR; };
		2C3DFFBD2D8ED427004C4411 /* Container.swift */ = {isa = PBXFileReference; lastKnownFileType = sourcecode.swift; path = Container.swift; sourceTree = "<group>"; };
		2C88FF192D521FFF007D3F6E /* FinanceCarter.app */ = {isa = PBXFileReference; explicitFileType = wrapper.application; includeInIndex = 0; path = FinanceCarter.app; sourceTree = BUILT_PRODUCTS_DIR; };
		2C88FF312D522008007D3F6E /* AppDelegate.swift */ = {isa = PBXFileReference; lastKnownFileType = sourcecode.swift; path = AppDelegate.swift; sourceTree = "<group>"; };
		2C88FF332D522008007D3F6E /* Info.plist */ = {isa = PBXFileReference; lastKnownFileType = text.plist.xml; path = Info.plist; sourceTree = "<group>"; };
		2C88FF342D522008007D3F6E /* Base */ = {isa = PBXFileReference; lastKnownFileType = file.storyboard; name = Base; path = Base.lproj/LaunchScreen.storyboard; sourceTree = "<group>"; };
		2CB66D592D73107000C5D0D9 /* App.xcassets */ = {isa = PBXFileReference; lastKnownFileType = folder.assetcatalog; path = App.xcassets; sourceTree = "<group>"; };
		2CD37D3F2D5361D3007C496B /* Localizable.strings */ = {isa = PBXFileReference; lastKnownFileType = text.plist.strings; path = Localizable.strings; sourceTree = "<group>"; };
		2CE888062D72088B0068769F /* RepositoriesAssemble.swift */ = {isa = PBXFileReference; lastKnownFileType = sourcecode.swift; path = RepositoriesAssemble.swift; sourceTree = "<group>"; };
/* End PBXFileReference section */

/* Begin PBXFrameworksBuildPhase section */
		2C88FF162D521FFF007D3F6E /* Frameworks */ = {
			isa = PBXFrameworksBuildPhase;
			buildActionMask = 2147483647;
			files = (
				2C3DFF482D8EC74D004C4411 /* Domain.framework in Frameworks */,
				2C3DFF542D8EC794004C4411 /* Presentation.framework in Frameworks */,
				2C3DFFC22D8ED44C004C4411 /* Swinject in Frameworks */,
				2C3DFF452D8EC74B004C4411 /* Common.framework in Frameworks */,
				2C3DFF4E2D8EC794004C4411 /* Common.framework in Frameworks */,
				2C3DFF522D8EC794004C4411 /* Domain.framework in Frameworks */,
				2C3DFF502D8EC794004C4411 /* Data.framework in Frameworks */,
			);
			runOnlyForDeploymentPostprocessing = 0;
		};
/* End PBXFrameworksBuildPhase section */

/* Begin PBXGroup section */
		2C155E942D70760C00735195 /* DI */ = {
			isa = PBXGroup;
			children = (
				2C155E972D7079C000735195 /* Configurator */,
				2C155E982D707E0200735195 /* Assemblies */,
			);
			path = DI;
			sourceTree = "<group>";
		};
		2C155E972D7079C000735195 /* Configurator */ = {
			isa = PBXGroup;
			children = (
				2C155E952D70762200735195 /* DIConfigurator.swift */,
			);
			path = Configurator;
			sourceTree = "<group>";
		};
		2C155E982D707E0200735195 /* Assemblies */ = {
			isa = PBXGroup;
			children = (
				2CE888062D72088B0068769F /* RepositoriesAssemble.swift */,
				2C2DBA992D76F41E005D1DAC /* UseCasesAssemble.swift */,
			);
			path = Assemblies;
			sourceTree = "<group>";
		};
		2C3DFF3D2D8EC73F004C4411 /* Frameworks */ = {
			isa = PBXGroup;
			children = (
				2C3DFF4A2D8EC794004C4411 /* Common.framework */,
				2C3DFF4B2D8EC794004C4411 /* Data.framework */,
				2C3DFF4C2D8EC794004C4411 /* Domain.framework */,
				2C3DFF4D2D8EC794004C4411 /* Presentation.framework */,
				2C3DFF3E2D8EC73F004C4411 /* Common.framework */,
				2C3DFF3F2D8EC73F004C4411 /* Domain.framework */,
			);
			name = Frameworks;
			sourceTree = "<group>";
		};
		2C3DFFBC2D8ED41E004C4411 /* Extensions */ = {
			isa = PBXGroup;
			children = (
				2C3DFFBD2D8ED427004C4411 /* Container.swift */,
			);
			path = Extensions;
			sourceTree = "<group>";
		};
		2C88FF102D521FFF007D3F6E = {
			isa = PBXGroup;
			children = (
				2C88FF3A2D522008007D3F6E /* FinanceCarter */,
				2C3DFF3D2D8EC73F004C4411 /* Frameworks */,
				2C88FF1A2D521FFF007D3F6E /* Products */,
			);
			sourceTree = "<group>";
		};
		2C88FF1A2D521FFF007D3F6E /* Products */ = {
			isa = PBXGroup;
			children = (
				2C88FF192D521FFF007D3F6E /* FinanceCarter.app */,
			);
			name = Products;
			sourceTree = "<group>";
		};
		2C88FF3A2D522008007D3F6E /* FinanceCarter */ = {
			isa = PBXGroup;
			children = (
				2C155E942D70760C00735195 /* DI */,
				2C88FF462D52209A007D3F6E /* App */,
				2C88FF472D5220AB007D3F6E /* Resources */,
				2C3DFFBC2D8ED41E004C4411 /* Extensions */,
			);
			path = FinanceCarter;
			sourceTree = "<group>";
		};
		2C88FF462D52209A007D3F6E /* App */ = {
			isa = PBXGroup;
			children = (
				2C88FF312D522008007D3F6E /* AppDelegate.swift */,
			);
			path = App;
			sourceTree = "<group>";
		};
		2C88FF472D5220AB007D3F6E /* Resources */ = {
			isa = PBXGroup;
			children = (
				2C88FF352D522008007D3F6E /* LaunchScreen.storyboard */,
				2C88FF332D522008007D3F6E /* Info.plist */,
				2CB66D592D73107000C5D0D9 /* App.xcassets */,
				2CD37D3F2D5361D3007C496B /* Localizable.strings */,
			);
			path = Resources;
			sourceTree = "<group>";
		};
/* End PBXGroup section */

/* Begin PBXNativeTarget section */
		2C88FF182D521FFF007D3F6E /* FinanceCarter */ = {
			isa = PBXNativeTarget;
			buildConfigurationList = 2C88FF2C2D522000007D3F6E /* Build configuration list for PBXNativeTarget "FinanceCarter" */;
			buildPhases = (
				2CEB61F32D96A93500EE6410 /* SwiftLint */,
				2C88FF152D521FFF007D3F6E /* Sources */,
				2C88FF162D521FFF007D3F6E /* Frameworks */,
				2C88FF172D521FFF007D3F6E /* Resources */,
				2C3DFF472D8EC74B004C4411 /* Embed Frameworks */,
			);
			buildRules = (
			);
			dependencies = (
			);
			name = FinanceCarter;
			packageProductDependencies = (
				2C3DFFC12D8ED44C004C4411 /* Swinject */,
			);
			productName = FinanceCarter;
			productReference = 2C88FF192D521FFF007D3F6E /* FinanceCarter.app */;
			productType = "com.apple.product-type.application";
		};
/* End PBXNativeTarget section */

/* Begin PBXProject section */
		2C88FF112D521FFF007D3F6E /* Project object */ = {
			isa = PBXProject;
			attributes = {
				BuildIndependentTargetsInParallel = 1;
				LastSwiftUpdateCheck = 1610;
				LastUpgradeCheck = 1610;
				TargetAttributes = {
					2C88FF182D521FFF007D3F6E = {
						CreatedOnToolsVersion = 16.1;
					};
				};
			};
			buildConfigurationList = 2C88FF142D521FFF007D3F6E /* Build configuration list for PBXProject "FinanceCarter" */;
			developmentRegion = en;
			hasScannedForEncodings = 0;
			knownRegions = (
				en,
				Base,
			);
			mainGroup = 2C88FF102D521FFF007D3F6E;
			minimizedProjectReferenceProxies = 1;
			packageReferences = (
				2C3DFFC02D8ED44C004C4411 /* XCRemoteSwiftPackageReference "Swinject" */,
			);
			preferredProjectObjectVersion = 77;
			productRefGroup = 2C88FF1A2D521FFF007D3F6E /* Products */;
			projectDirPath = "";
			projectRoot = "";
			targets = (
				2C88FF182D521FFF007D3F6E /* FinanceCarter */,
			);
		};
/* End PBXProject section */

/* Begin PBXResourcesBuildPhase section */
		2C88FF172D521FFF007D3F6E /* Resources */ = {
			isa = PBXResourcesBuildPhase;
			buildActionMask = 2147483647;
			files = (
				2CB66D5A2D73107000C5D0D9 /* App.xcassets in Resources */,
				2CD37D402D5361D3007C496B /* Localizable.strings in Resources */,
				2C88FF402D522008007D3F6E /* LaunchScreen.storyboard in Resources */,
			);
			runOnlyForDeploymentPostprocessing = 0;
		};
/* End PBXResourcesBuildPhase section */

/* Begin PBXShellScriptBuildPhase section */
		2CEB61F32D96A93500EE6410 /* SwiftLint */ = {
			isa = PBXShellScriptBuildPhase;
			alwaysOutOfDate = 1;
			buildActionMask = 2147483647;
			files = (
			);
			inputFileListPaths = (
			);
			inputPaths = (
			);
			name = SwiftLint;
			outputFileListPaths = (
			);
			outputPaths = (
			);
			runOnlyForDeploymentPostprocessing = 0;
			shellPath = /bin/sh;
			shellScript = "# Type a script or drag a script file from your workspace to insert its path.\nif [[ \"$(uname -m)\" == arm64 ]]\nthen\n    export PATH=\"/opt/homebrew/bin:$PATH\"\nfi\n\nif command -v swiftlint >/dev/null 2>&1\nthen\n    swiftlint lint --config \"../.swiftlint.yml\"\nelse\n    echo \"warning: `swiftlint` command not found - See https://github.com/realm/SwiftLint#installation for installation instructions.\"\nfi\n";
		};
/* End PBXShellScriptBuildPhase section */

/* Begin PBXSourcesBuildPhase section */
		2C88FF152D521FFF007D3F6E /* Sources */ = {
			isa = PBXSourcesBuildPhase;
			buildActionMask = 2147483647;
			files = (
				2C3DFFBE2D8ED427004C4411 /* Container.swift in Sources */,
				2C88FF3B2D522008007D3F6E /* AppDelegate.swift in Sources */,
				2CE888072D72088B0068769F /* RepositoriesAssemble.swift in Sources */,
				2C2DBA9A2D76F41E005D1DAC /* UseCasesAssemble.swift in Sources */,
				2C155E962D70762200735195 /* DIConfigurator.swift in Sources */,
			);
			runOnlyForDeploymentPostprocessing = 0;
		};
/* End PBXSourcesBuildPhase section */

/* Begin PBXVariantGroup section */
		2C88FF352D522008007D3F6E /* LaunchScreen.storyboard */ = {
			isa = PBXVariantGroup;
			children = (
				2C88FF342D522008007D3F6E /* Base */,
			);
			name = LaunchScreen.storyboard;
			sourceTree = "<group>";
		};
/* End PBXVariantGroup section */

/* Begin XCBuildConfiguration section */
		2C88FF2D2D522000007D3F6E /* Debug */ = {
			isa = XCBuildConfiguration;
			buildSettings = {
				ASSETCATALOG_COMPILER_APPICON_NAME = AppIcon;
				ASSETCATALOG_COMPILER_GLOBAL_ACCENT_COLOR_NAME = AccentColor;
				CODE_SIGN_STYLE = Automatic;
				CURRENT_PROJECT_VERSION = 1;
				DEVELOPMENT_TEAM = 3U7F2TKHLN;
				GENERATE_INFOPLIST_FILE = YES;
				INFOPLIST_FILE = FinanceCarter/Resources/Info.plist;
				INFOPLIST_KEY_CFBundleDisplayName = "Finance Carter";
				INFOPLIST_KEY_LSApplicationCategoryType = "public.app-category.finance";
				INFOPLIST_KEY_UIApplicationSupportsIndirectInputEvents = YES;
				INFOPLIST_KEY_UILaunchStoryboardName = LaunchScreen;
				INFOPLIST_KEY_UISupportedInterfaceOrientations_iPad = "UIInterfaceOrientationPortrait UIInterfaceOrientationPortraitUpsideDown UIInterfaceOrientationLandscapeLeft UIInterfaceOrientationLandscapeRight";
				INFOPLIST_KEY_UISupportedInterfaceOrientations_iPhone = "UIInterfaceOrientationPortrait UIInterfaceOrientationLandscapeLeft UIInterfaceOrientationLandscapeRight";
				IPHONEOS_DEPLOYMENT_TARGET = 15.0;
				LD_RUNPATH_SEARCH_PATHS = (
					"$(inherited)",
					"@executable_path/Frameworks",
				);
				MARKETING_VERSION = 1.0;
				PRODUCT_BUNDLE_IDENTIFIER = com.martynenko.vadim.FinanceCarter;
				PRODUCT_NAME = "$(TARGET_NAME)";
				SWIFT_EMIT_LOC_STRINGS = YES;
				SWIFT_VERSION = 5.0;
				TARGETED_DEVICE_FAMILY = "1,2";
			};
			name = Debug;
		};
		2C88FF2E2D522000007D3F6E /* Release */ = {
			isa = XCBuildConfiguration;
			buildSettings = {
				ASSETCATALOG_COMPILER_APPICON_NAME = AppIcon;
				ASSETCATALOG_COMPILER_GLOBAL_ACCENT_COLOR_NAME = AccentColor;
				CODE_SIGN_STYLE = Automatic;
				CURRENT_PROJECT_VERSION = 1;
				DEVELOPMENT_TEAM = 3U7F2TKHLN;
				GENERATE_INFOPLIST_FILE = YES;
				INFOPLIST_FILE = FinanceCarter/Resources/Info.plist;
				INFOPLIST_KEY_CFBundleDisplayName = "Finance Carter";
				INFOPLIST_KEY_LSApplicationCategoryType = "public.app-category.finance";
				INFOPLIST_KEY_UIApplicationSupportsIndirectInputEvents = YES;
				INFOPLIST_KEY_UILaunchStoryboardName = LaunchScreen;
				INFOPLIST_KEY_UISupportedInterfaceOrientations_iPad = "UIInterfaceOrientationPortrait UIInterfaceOrientationPortraitUpsideDown UIInterfaceOrientationLandscapeLeft UIInterfaceOrientationLandscapeRight";
				INFOPLIST_KEY_UISupportedInterfaceOrientations_iPhone = "UIInterfaceOrientationPortrait UIInterfaceOrientationLandscapeLeft UIInterfaceOrientationLandscapeRight";
				IPHONEOS_DEPLOYMENT_TARGET = 15.0;
				LD_RUNPATH_SEARCH_PATHS = (
					"$(inherited)",
					"@executable_path/Frameworks",
				);
				MARKETING_VERSION = 1.0;
				PRODUCT_BUNDLE_IDENTIFIER = com.martynenko.vadim.FinanceCarter;
				PRODUCT_NAME = "$(TARGET_NAME)";
				SWIFT_EMIT_LOC_STRINGS = YES;
				SWIFT_VERSION = 5.0;
				TARGETED_DEVICE_FAMILY = "1,2";
			};
			name = Release;
		};
		2C88FF2F2D522000007D3F6E /* Debug */ = {
			isa = XCBuildConfiguration;
			buildSettings = {
				ALWAYS_SEARCH_USER_PATHS = NO;
				ASSETCATALOG_COMPILER_GENERATE_SWIFT_ASSET_SYMBOL_EXTENSIONS = YES;
				CLANG_ANALYZER_NONNULL = YES;
				CLANG_ANALYZER_NUMBER_OBJECT_CONVERSION = YES_AGGRESSIVE;
				CLANG_CXX_LANGUAGE_STANDARD = "gnu++20";
				CLANG_ENABLE_MODULES = YES;
				CLANG_ENABLE_OBJC_ARC = YES;
				CLANG_ENABLE_OBJC_WEAK = YES;
				CLANG_WARN_BLOCK_CAPTURE_AUTORELEASING = YES;
				CLANG_WARN_BOOL_CONVERSION = YES;
				CLANG_WARN_COMMA = YES;
				CLANG_WARN_CONSTANT_CONVERSION = YES;
				CLANG_WARN_DEPRECATED_OBJC_IMPLEMENTATIONS = YES;
				CLANG_WARN_DIRECT_OBJC_ISA_USAGE = YES_ERROR;
				CLANG_WARN_DOCUMENTATION_COMMENTS = YES;
				CLANG_WARN_EMPTY_BODY = YES;
				CLANG_WARN_ENUM_CONVERSION = YES;
				CLANG_WARN_INFINITE_RECURSION = YES;
				CLANG_WARN_INT_CONVERSION = YES;
				CLANG_WARN_NON_LITERAL_NULL_CONVERSION = YES;
				CLANG_WARN_OBJC_IMPLICIT_RETAIN_SELF = YES;
				CLANG_WARN_OBJC_LITERAL_CONVERSION = YES;
				CLANG_WARN_OBJC_ROOT_CLASS = YES_ERROR;
				CLANG_WARN_QUOTED_INCLUDE_IN_FRAMEWORK_HEADER = YES;
				CLANG_WARN_RANGE_LOOP_ANALYSIS = YES;
				CLANG_WARN_STRICT_PROTOTYPES = YES;
				CLANG_WARN_SUSPICIOUS_MOVE = YES;
				CLANG_WARN_UNGUARDED_AVAILABILITY = YES_AGGRESSIVE;
				CLANG_WARN_UNREACHABLE_CODE = YES;
				CLANG_WARN__DUPLICATE_METHOD_MATCH = YES;
				COPY_PHASE_STRIP = NO;
				DEBUG_INFORMATION_FORMAT = dwarf;
				ENABLE_STRICT_OBJC_MSGSEND = YES;
				ENABLE_TESTABILITY = YES;
				ENABLE_USER_SCRIPT_SANDBOXING = NO;
				GCC_C_LANGUAGE_STANDARD = gnu17;
				GCC_DYNAMIC_NO_PIC = NO;
				GCC_NO_COMMON_BLOCKS = YES;
				GCC_OPTIMIZATION_LEVEL = 0;
				GCC_PREPROCESSOR_DEFINITIONS = (
					"DEBUG=1",
					"$(inherited)",
				);
				GCC_WARN_64_TO_32_BIT_CONVERSION = YES;
				GCC_WARN_ABOUT_RETURN_TYPE = YES_ERROR;
				GCC_WARN_UNDECLARED_SELECTOR = YES;
				GCC_WARN_UNINITIALIZED_AUTOS = YES_AGGRESSIVE;
				GCC_WARN_UNUSED_FUNCTION = YES;
				GCC_WARN_UNUSED_VARIABLE = YES;
				IPHONEOS_DEPLOYMENT_TARGET = 18.1;
				LOCALIZATION_PREFERS_STRING_CATALOGS = YES;
				MTL_ENABLE_DEBUG_INFO = INCLUDE_SOURCE;
				MTL_FAST_MATH = YES;
				ONLY_ACTIVE_ARCH = YES;
				SDKROOT = iphoneos;
				SWIFT_ACTIVE_COMPILATION_CONDITIONS = "DEBUG $(inherited)";
				SWIFT_OPTIMIZATION_LEVEL = "-Onone";
			};
			name = Debug;
		};
		2C88FF302D522000007D3F6E /* Release */ = {
			isa = XCBuildConfiguration;
			buildSettings = {
				ALWAYS_SEARCH_USER_PATHS = NO;
				ASSETCATALOG_COMPILER_GENERATE_SWIFT_ASSET_SYMBOL_EXTENSIONS = YES;
				CLANG_ANALYZER_NONNULL = YES;
				CLANG_ANALYZER_NUMBER_OBJECT_CONVERSION = YES_AGGRESSIVE;
				CLANG_CXX_LANGUAGE_STANDARD = "gnu++20";
				CLANG_ENABLE_MODULES = YES;
				CLANG_ENABLE_OBJC_ARC = YES;
				CLANG_ENABLE_OBJC_WEAK = YES;
				CLANG_WARN_BLOCK_CAPTURE_AUTORELEASING = YES;
				CLANG_WARN_BOOL_CONVERSION = YES;
				CLANG_WARN_COMMA = YES;
				CLANG_WARN_CONSTANT_CONVERSION = YES;
				CLANG_WARN_DEPRECATED_OBJC_IMPLEMENTATIONS = YES;
				CLANG_WARN_DIRECT_OBJC_ISA_USAGE = YES_ERROR;
				CLANG_WARN_DOCUMENTATION_COMMENTS = YES;
				CLANG_WARN_EMPTY_BODY = YES;
				CLANG_WARN_ENUM_CONVERSION = YES;
				CLANG_WARN_INFINITE_RECURSION = YES;
				CLANG_WARN_INT_CONVERSION = YES;
				CLANG_WARN_NON_LITERAL_NULL_CONVERSION = YES;
				CLANG_WARN_OBJC_IMPLICIT_RETAIN_SELF = YES;
				CLANG_WARN_OBJC_LITERAL_CONVERSION = YES;
				CLANG_WARN_OBJC_ROOT_CLASS = YES_ERROR;
				CLANG_WARN_QUOTED_INCLUDE_IN_FRAMEWORK_HEADER = YES;
				CLANG_WARN_RANGE_LOOP_ANALYSIS = YES;
				CLANG_WARN_STRICT_PROTOTYPES = YES;
				CLANG_WARN_SUSPICIOUS_MOVE = YES;
				CLANG_WARN_UNGUARDED_AVAILABILITY = YES_AGGRESSIVE;
				CLANG_WARN_UNREACHABLE_CODE = YES;
				CLANG_WARN__DUPLICATE_METHOD_MATCH = YES;
				COPY_PHASE_STRIP = NO;
				DEBUG_INFORMATION_FORMAT = "dwarf-with-dsym";
				ENABLE_NS_ASSERTIONS = NO;
				ENABLE_STRICT_OBJC_MSGSEND = YES;
				ENABLE_USER_SCRIPT_SANDBOXING = NO;
				GCC_C_LANGUAGE_STANDARD = gnu17;
				GCC_NO_COMMON_BLOCKS = YES;
				GCC_WARN_64_TO_32_BIT_CONVERSION = YES;
				GCC_WARN_ABOUT_RETURN_TYPE = YES_ERROR;
				GCC_WARN_UNDECLARED_SELECTOR = YES;
				GCC_WARN_UNINITIALIZED_AUTOS = YES_AGGRESSIVE;
				GCC_WARN_UNUSED_FUNCTION = YES;
				GCC_WARN_UNUSED_VARIABLE = YES;
				IPHONEOS_DEPLOYMENT_TARGET = 18.1;
				LOCALIZATION_PREFERS_STRING_CATALOGS = YES;
				MTL_ENABLE_DEBUG_INFO = NO;
				MTL_FAST_MATH = YES;
				SDKROOT = iphoneos;
				SWIFT_COMPILATION_MODE = wholemodule;
				VALIDATE_PRODUCT = YES;
			};
			name = Release;
		};
/* End XCBuildConfiguration section */

/* Begin XCConfigurationList section */
		2C88FF142D521FFF007D3F6E /* Build configuration list for PBXProject "FinanceCarter" */ = {
			isa = XCConfigurationList;
			buildConfigurations = (
				2C88FF2F2D522000007D3F6E /* Debug */,
				2C88FF302D522000007D3F6E /* Release */,
			);
			defaultConfigurationIsVisible = 0;
			defaultConfigurationName = Release;
		};
		2C88FF2C2D522000007D3F6E /* Build configuration list for PBXNativeTarget "FinanceCarter" */ = {
			isa = XCConfigurationList;
			buildConfigurations = (
				2C88FF2D2D522000007D3F6E /* Debug */,
				2C88FF2E2D522000007D3F6E /* Release */,
			);
			defaultConfigurationIsVisible = 0;
			defaultConfigurationName = Release;
		};
/* End XCConfigurationList section */

/* Begin XCRemoteSwiftPackageReference section */
		2C3DFFC02D8ED44C004C4411 /* XCRemoteSwiftPackageReference "Swinject" */ = {
			isa = XCRemoteSwiftPackageReference;
			repositoryURL = "https://github.com/Swinject/Swinject.git";
			requirement = {
				kind = upToNextMajorVersion;
				minimumVersion = 2.9.1;
			};
		};
/* End XCRemoteSwiftPackageReference section */

/* Begin XCSwiftPackageProductDependency section */
		2C3DFFC12D8ED44C004C4411 /* Swinject */ = {
			isa = XCSwiftPackageProductDependency;
			package = 2C3DFFC02D8ED44C004C4411 /* XCRemoteSwiftPackageReference "Swinject" */;
			productName = Swinject;
		};
/* End XCSwiftPackageProductDependency section */
	};
	rootObject = 2C88FF112D521FFF007D3F6E /* Project object */;
}
